{
  "name": "notch-code-interview",
  "version": "1.0.0",
  "lockfileVersion": 2,
  "requires": true,
  "packages": {
    "": {
      "name": "notch-code-interview",
      "version": "1.0.0",
      "license": "ISC",
      "dependencies": {
        "accept-language": "^3.0.18",
        "cookie-parser": "^1.4.6",
        "express-request-language": "^1.1.15",
        "wikipedia": "^1.1.6"
      }
    },
    "node_modules/accept-language": {
      "version": "3.0.18",
      "resolved": "https://registry.npmjs.org/accept-language/-/accept-language-3.0.18.tgz",
      "integrity": "sha1-9QJfF79lpGaoRYOMz5jNuHfYM4Q=",
      "dependencies": {
        "bcp47": "^1.1.2",
        "stable": "^0.1.6"
      }
    },
    "node_modules/bcp47": {
      "version": "1.1.2",
      "resolved": "https://registry.npmjs.org/bcp47/-/bcp47-1.1.2.tgz",
      "integrity": "sha1-NUvjMH/9CEM6ePXh4glYRfifx/4=",
      "engines": {
        "node": ">=0.10"
      }
    },
    "node_modules/camelcase": {
      "version": "4.1.0",
      "resolved": "https://registry.npmjs.org/camelcase/-/camelcase-4.1.0.tgz",
      "integrity": "sha1-1UVjW+HjPFQmScaRc+Xeas+uNN0=",
      "engines": {
        "node": ">=4"
      }
    },
    "node_modules/cookie": {
      "version": "0.4.1",
      "resolved": "https://registry.npmjs.org/cookie/-/cookie-0.4.1.tgz",
      "integrity": "sha512-ZwrFkGJxUR3EIoXtO+yVE69Eb7KlixbaeAWfBQB9vVsNn/o+Yw69gBWSSDK825hQNdN+wF8zELf3dFNl/kxkUA==",
      "engines": {
        "node": ">= 0.6"
      }
    },
    "node_modules/cookie-parser": {
      "version": "1.4.6",
      "resolved": "https://registry.npmjs.org/cookie-parser/-/cookie-parser-1.4.6.tgz",
      "integrity": "sha512-z3IzaNjdwUC2olLIB5/ITd0/setiaFMLYiZJle7xg5Fe9KWAceil7xszYfHHBtDFYLSgJduS2Ty0P1uJdPDJeA==",
      "dependencies": {
        "cookie": "0.4.1",
        "cookie-signature": "1.0.6"
      },
      "engines": {
        "node": ">= 0.8.0"
      }
    },
    "node_modules/cookie-signature": {
      "version": "1.0.6",
      "resolved": "https://registry.npmjs.org/cookie-signature/-/cookie-signature-1.0.6.tgz",
      "integrity": "sha1-4wOogrNCzD7oylE6eZmXNNqzriw="
    },
    "node_modules/express-request-language": {
      "version": "1.1.15",
      "resolved": "https://registry.npmjs.org/express-request-language/-/express-request-language-1.1.15.tgz",
      "integrity": "sha512-KiLUdEZCcgwh8qfIvkCrhz1MMAFx/Xj4UcspN4zUxVdp+bp+yFvqUMmlyMHK2nC5JlQV7VK5uFOoS5LrArTL1A==",
      "dependencies": {
        "accept-language": "^3.0.4",
        "bcp47": "^1.1.2"
      }
    },
    "node_modules/infobox-parser": {
      "version": "3.6.2",
      "resolved": "https://registry.npmjs.org/infobox-parser/-/infobox-parser-3.6.2.tgz",
      "integrity": "sha512-lasdwvbtjCtDDO6mArAs/ueFEnBJRyo2UbZPAkd5rEG5NVJ3XFCOvbMwNTT/rJlFv1+ORw8D3UvZV4brpgATCg==",
      "dependencies": {
        "camelcase": "^4.1.0"
      },
      "funding": {
        "type": "individual",
        "url": "https://www.buymeacoffee.com/2tmRKi9"
      }
    },
    "node_modules/node-fetch": {
      "version": "2.6.7",
      "resolved": "https://registry.npmjs.org/node-fetch/-/node-fetch-2.6.7.tgz",
      "integrity": "sha512-ZjMPFEfVx5j+y2yF35Kzx5sF7kDzxuDj6ziH4FFbOp87zKDZNx8yExJIb05OGF4Nlt9IHFIMBkRl41VdvcNdbQ==",
      "dependencies": {
        "whatwg-url": "^5.0.0"
      },
      "engines": {
        "node": "4.x || >=6.0.0"
      },
      "peerDependencies": {
        "encoding": "^0.1.0"
      },
      "peerDependenciesMeta": {
        "encoding": {
          "optional": true
        }
      }
    },
    "node_modules/stable": {
      "version": "0.1.8",
      "resolved": "https://registry.npmjs.org/stable/-/stable-0.1.8.tgz",
      "integrity": "sha512-ji9qxRnOVfcuLDySj9qzhGSEFVobyt1kIOSkj1qZzYLzq7Tos/oUUWvotUPQLlrsidqsK6tBH89Bc9kL5zHA6w=="
    },
    "node_modules/tr46": {
      "version": "0.0.3",
      "resolved": "https://registry.npmjs.org/tr46/-/tr46-0.0.3.tgz",
      "integrity": "sha1-gYT9NH2snNwYWZLzpmIuFLnZq2o="
    },
    "node_modules/webidl-conversions": {
      "version": "3.0.1",
      "resolved": "https://registry.npmjs.org/webidl-conversions/-/webidl-conversions-3.0.1.tgz",
      "integrity": "sha1-JFNCdeKnvGvnvIZhHMFq4KVlSHE="
    },
    "node_modules/whatwg-url": {
      "version": "5.0.0",
      "resolved": "https://registry.npmjs.org/whatwg-url/-/whatwg-url-5.0.0.tgz",
      "integrity": "sha1-lmRU6HZUYuN2RNNib2dCzotwll0=",
      "dependencies": {
        "tr46": "~0.0.3",
        "webidl-conversions": "^3.0.0"
      }
    },
    "node_modules/wikipedia": {
      "version": "1.1.6",
      "resolved": "https://registry.npmjs.org/wikipedia/-/wikipedia-1.1.6.tgz",
      "integrity": "sha512-Ff3PzinsTqTdu0Ub28eJGZVlDXaW5D3inizaZqF7lPYqD7s8iw+9zXN6B5J6kLmAHrBVk8wj8exL0u3ULTKlnw==",
      "dependencies": {
        "infobox-parser": "^3.4.1",
        "node-fetch": "^2.6.1"
      },
      "engines": {
        "node": ">=10"
      }
    }
  },
  "dependencies": {
    "accept-language": {
      "version": "3.0.18",
      "resolved": "https://registry.npmjs.org/accept-language/-/accept-language-3.0.18.tgz",
      "integrity": "sha1-9QJfF79lpGaoRYOMz5jNuHfYM4Q=",
      "requires": {
        "bcp47": "^1.1.2",
        "stable": "^0.1.6"
      }
    },
    "bcp47": {
      "version": "1.1.2",
      "resolved": "https://registry.npmjs.org/bcp47/-/bcp47-1.1.2.tgz",
      "integrity": "sha1-NUvjMH/9CEM6ePXh4glYRfifx/4="
    },
    "camelcase": {
      "version": "4.1.0",
      "resolved": "https://registry.npmjs.org/camelcase/-/camelcase-4.1.0.tgz",
      "integrity": "sha1-1UVjW+HjPFQmScaRc+Xeas+uNN0="
    },
    "cookie": {
      "version": "0.4.1",
      "resolved": "https://registry.npmjs.org/cookie/-/cookie-0.4.1.tgz",
      "integrity": "sha512-ZwrFkGJxUR3EIoXtO+yVE69Eb7KlixbaeAWfBQB9vVsNn/o+Yw69gBWSSDK825hQNdN+wF8zELf3dFNl/kxkUA=="
    },
    "cookie-parser": {
      "version": "1.4.6",
      "resolved": "https://registry.npmjs.org/cookie-parser/-/cookie-parser-1.4.6.tgz",
      "integrity": "sha512-z3IzaNjdwUC2olLIB5/ITd0/setiaFMLYiZJle7xg5Fe9KWAceil7xszYfHHBtDFYLSgJduS2Ty0P1uJdPDJeA==",
      "requires": {
        "cookie": "0.4.1",
        "cookie-signature": "1.0.6"
      }
    },
    "cookie-signature": {
      "version": "1.0.6",
      "resolved": "https://registry.npmjs.org/cookie-signature/-/cookie-signature-1.0.6.tgz",
      "integrity": "sha1-4wOogrNCzD7oylE6eZmXNNqzriw="
    },
    "express-request-language": {
      "version": "1.1.15",
      "resolved": "https://registry.npmjs.org/express-request-language/-/express-request-language-1.1.15.tgz",
      "integrity": "sha512-KiLUdEZCcgwh8qfIvkCrhz1MMAFx/Xj4UcspN4zUxVdp+bp+yFvqUMmlyMHK2nC5JlQV7VK5uFOoS5LrArTL1A==",
      "requires": {
        "accept-language": "^3.0.4",
        "bcp47": "^1.1.2"
      }
    },
    "infobox-parser": {
      "version": "3.6.2",
      "resolved": "https://registry.npmjs.org/infobox-parser/-/infobox-parser-3.6.2.tgz",
      "integrity": "sha512-lasdwvbtjCtDDO6mArAs/ueFEnBJRyo2UbZPAkd5rEG5NVJ3XFCOvbMwNTT/rJlFv1+ORw8D3UvZV4brpgATCg==",
      "requires": {
        "camelcase": "^4.1.0"
      }
    },
    "node-fetch": {
      "version": "2.6.7",
      "resolved": "https://registry.npmjs.org/node-fetch/-/node-fetch-2.6.7.tgz",
      "integrity": "sha512-ZjMPFEfVx5j+y2yF35Kzx5sF7kDzxuDj6ziH4FFbOp87zKDZNx8yExJIb05OGF4Nlt9IHFIMBkRl41VdvcNdbQ==",
      "requires": {
        "whatwg-url": "^5.0.0"
      }
    },
    "stable": {
      "version": "0.1.8",
      "resolved": "https://registry.npmjs.org/stable/-/stable-0.1.8.tgz",
      "integrity": "sha512-ji9qxRnOVfcuLDySj9qzhGSEFVobyt1kIOSkj1qZzYLzq7Tos/oUUWvotUPQLlrsidqsK6tBH89Bc9kL5zHA6w=="
    },
    "tr46": {
      "version": "0.0.3",
      "resolved": "https://registry.npmjs.org/tr46/-/tr46-0.0.3.tgz",
      "integrity": "sha1-gYT9NH2snNwYWZLzpmIuFLnZq2o="
    },
    "webidl-conversions": {
      "version": "3.0.1",
      "resolved": "https://registry.npmjs.org/webidl-conversions/-/webidl-conversions-3.0.1.tgz",
      "integrity": "sha1-JFNCdeKnvGvnvIZhHMFq4KVlSHE="
    },
    "whatwg-url": {
      "version": "5.0.0",
      "resolved": "https://registry.npmjs.org/whatwg-url/-/whatwg-url-5.0.0.tgz",
      "integrity": "sha1-lmRU6HZUYuN2RNNib2dCzotwll0=",
      "requires": {
        "tr46": "~0.0.3",
        "webidl-conversions": "^3.0.0"
      }
    },
    "wikipedia": {
      "version": "1.1.6",
      "resolved": "https://registry.npmjs.org/wikipedia/-/wikipedia-1.1.6.tgz",
      "integrity": "sha512-Ff3PzinsTqTdu0Ub28eJGZVlDXaW5D3inizaZqF7lPYqD7s8iw+9zXN6B5J6kLmAHrBVk8wj8exL0u3ULTKlnw==",
      "requires": {
        "infobox-parser": "^3.4.1",
        "node-fetch": "^2.6.1"
      }
    }
  }
}
